
Microsoft Visual Studio Solution File, Format Version 12.00
# Visual Studio 15
VisualStudioVersion = 15.0.28306.52
MinimumVisualStudioVersion = 10.0.40219.1
Project("{FAE04EC0-301F-11D3-BF4B-00C04F79EFBC}") = "exam-study-api", "exam-study-api\exam-study-api.csproj", "{456E1BD2-2AE6-46B4-9490-136FD4EFD95B}"
EndProject
Project("{FAE04EC0-301F-11D3-BF4B-00C04F79EFBC}") = "exam-study-api.Tests", "exam-study-api.Tests\exam-study-api.Tests.csproj", "{3B32351C-B526-412B-B2CF-5653B0DD5ADE}"
EndProject
Global
	GlobalSection(SolutionConfigurationPlatforms) = preSolution
		Debug|Any CPU = Debug|Any CPU
		Release|Any CPU = Release|Any CPU
	EndGlobalSection
	GlobalSection(ProjectConfigurationPlatforms) = postSolution
		{456E1BD2-2AE6-46B4-9490-136FD4EFD95B}.Debug|Any CPU.ActiveCfg = Debug|Any CPU
		{456E1BD2-2AE6-46B4-9490-136FD4EFD95B}.Debug|Any CPU.Build.0 = Debug|Any CPU
		{456E1BD2-2AE6-46B4-9490-136FD4EFD95B}.Release|Any CPU.ActiveCfg = Release|Any CPU
		{456E1BD2-2AE6-46B4-9490-136FD4EFD95B}.Release|Any CPU.Build.0 = Release|Any CPU
		{3B32351C-B526-412B-B2CF-5653B0DD5ADE}.Debug|Any CPU.ActiveCfg = Debug|Any CPU
		{3B32351C-B526-412B-B2CF-5653B0DD5ADE}.Debug|Any CPU.Build.0 = Debug|Any CPU
		{3B32351C-B526-412B-B2CF-5653B0DD5ADE}.Release|Any CPU.ActiveCfg = Release|Any CPU
		{3B32351C-B526-412B-B2CF-5653B0DD5ADE}.Release|Any CPU.Build.0 = Release|Any CPU
	EndGlobalSection
	GlobalSection(SolutionProperties) = preSolution
		HideSolutionNode = FALSE
	EndGlobalSection
	GlobalSection(ExtensibilityGlobals) = postSolution
		SolutionGuid = {4A909E62-26DA-4EBE-9849-79D44049047D}
	EndGlobalSection
EndGlobal
